
Microsoft Visual Studio Solution File, Format Version 12.00
# Visual Studio Version 16
VisualStudioVersion = 16.0.28803.202
MinimumVisualStudioVersion = 10.0.40219.1
Project("{9A19103F-16F7-4668-BE54-9A1E7A4F7556}") = "Homework1", "Homework1.csproj", "{CAD24A20-CCF6-4E07-A83E-EC85C593E1DE}"
EndProject
Global
	GlobalSection(SolutionConfigurationPlatforms) = preSolution
		Debug|Any CPU = Debug|Any CPU
		Release|Any CPU = Release|Any CPU
	EndGlobalSection
	GlobalSection(ProjectConfigurationPlatforms) = postSolution
		{CAD24A20-CCF6-4E07-A83E-EC85C593E1DE}.Debug|Any CPU.ActiveCfg = Debug|Any CPU
		{CAD24A20-CCF6-4E07-A83E-EC85C593E1DE}.Debug|Any CPU.Build.0 = Debug|Any CPU
		{CAD24A20-CCF6-4E07-A83E-EC85C593E1DE}.Release|Any CPU.ActiveCfg = Release|Any CPU
		{CAD24A20-CCF6-4E07-A83E-EC85C593E1DE}.Release|Any CPU.Build.0 = Release|Any CPU
	EndGlobalSection
	GlobalSection(SolutionProperties) = preSolution
		HideSolutionNode = FALSE
	EndGlobalSection
	GlobalSection(ExtensibilityGlobals) = postSolution
		SolutionGuid = {C8FF9EC4-6F1D-4F2A-B78A-CE2A18D5C4C3}
	EndGlobalSection
EndGlobal
